
Microsoft Visual Studio Solution File, Format Version 12.00
# Visual Studio Version 17
VisualStudioVersion = 17.14.36616.10 d17.14
MinimumVisualStudioVersion = 10.0.40219.1
Project("{FAE04EC0-301F-11D3-BF4B-00C04F79EFBC}") = "FoodDeliveryManagement", "FoodDeliveryManagement\FoodDeliveryManagement.csproj", "{19D99CBA-0225-4461-AB3B-85A82ED71630}"
EndProject
Global
	GlobalSection(SolutionConfigurationPlatforms) = preSolution
		Debug|Any CPU = Debug|Any CPU
		Release|Any CPU = Release|Any CPU
	EndGlobalSection
	GlobalSection(ProjectConfigurationPlatforms) = postSolution
		{19D99CBA-0225-4461-AB3B-85A82ED71630}.Debug|Any CPU.ActiveCfg = Debug|Any CPU
		{19D99CBA-0225-4461-AB3B-85A82ED71630}.Debug|Any CPU.Build.0 = Debug|Any CPU
		{19D99CBA-0225-4461-AB3B-85A82ED71630}.Release|Any CPU.ActiveCfg = Release|Any CPU
		{19D99CBA-0225-4461-AB3B-85A82ED71630}.Release|Any CPU.Build.0 = Release|Any CPU
	EndGlobalSection
	GlobalSection(SolutionProperties) = preSolution
		HideSolutionNode = FALSE
	EndGlobalSection
	GlobalSection(ExtensibilityGlobals) = postSolution
		SolutionGuid = {66AA50C8-9034-4CA7-A8AB-3BD2B464AFC9}
	EndGlobalSection
EndGlobal
